
Microsoft Visual Studio Solution File, Format Version 12.00
# Visual Studio Version 17
VisualStudioVersion = 17.5.33516.290
MinimumVisualStudioVersion = 10.0.40219.1
Project("{9A19103F-16F7-4668-BE54-9A1E7A4F7556}") = "01-DelegatesDemo", "DelegatesDemo\01-DelegatesDemo.csproj", "{186680ED-4296-40A7-8A32-B738D462E83B}"
EndProject
Project("{9A19103F-16F7-4668-BE54-9A1E7A4F7556}") = "02-MulticastDelegatesDemo", "MulticastDelegatesDemo\02-MulticastDelegatesDemo.csproj", "{FD2BD8C7-EB1A-4E15-8C42-99AF8C27C269}"
EndProject
Project("{9A19103F-16F7-4668-BE54-9A1E7A4F7556}") = "03-DelegatesReturnsType", "DelegatesRetunType\03-DelegatesReturnsType.csproj", "{05975FAA-3355-4514-89B3-4CD64A10CA11}"
EndProject
Project("{9A19103F-16F7-4668-BE54-9A1E7A4F7556}") = "04-EventsDemo", "EventsDemo\04-EventsDemo.csproj", "{6462D32C-CA23-412A-9149-3E4A57A6D406}"
EndProject
Project("{9A19103F-16F7-4668-BE54-9A1E7A4F7556}") = "05-CustomEventArgs", "CustomEventArgs\05-CustomEventArgs.csproj", "{96E3CB42-F048-4E18-9F02-8ED76D59214E}"
EndProject
Project("{9A19103F-16F7-4668-BE54-9A1E7A4F7556}") = "06-DelegateInference", "DelegateInference\06-DelegateInference.csproj", "{DD67C952-4AD4-446F-825B-A5D2BC7B7D6A}"
EndProject
Project("{9A19103F-16F7-4668-BE54-9A1E7A4F7556}") = "07-AnonymousMethod", "AnonymousMethod\07-AnonymousMethod.csproj", "{6C08304F-67F6-438F-97C4-8F1E6080F2EE}"
EndProject
Project("{9A19103F-16F7-4668-BE54-9A1E7A4F7556}") = "08-DelegatesAndLambda", "DelegatesAndLambda\08-DelegatesAndLambda.csproj", "{63E680AF-18E2-4871-96D9-1C0156D6B088}"
EndProject
Project("{9A19103F-16F7-4668-BE54-9A1E7A4F7556}") = "09-LambdaAndCustomDelegates", "LambdaAndCustomDelegates\09-LambdaAndCustomDelegates.csproj", "{79315CCE-AAB2-443D-A6E4-764B81A6B961}"
EndProject
Project("{9A19103F-16F7-4668-BE54-9A1E7A4F7556}") = "10-ActionT", "ActionT\10-ActionT.csproj", "{710FEC08-3D85-4B8C-8B5D-47888F11E577}"
EndProject
Project("{9A19103F-16F7-4668-BE54-9A1E7A4F7556}") = "11-FuncT", "FuncT\11-FuncT.csproj", "{C057049F-0827-42EF-92FB-A5FA8C0EFB21}"
EndProject
Project("{9A19103F-16F7-4668-BE54-9A1E7A4F7556}") = "12-LambdaAndFuncT", "LambdaAndFuncT\12-LambdaAndFuncT.csproj", "{5A28041E-901A-4FB9-A3A2-228E9B790E63}"
EndProject
Project("{9A19103F-16F7-4668-BE54-9A1E7A4F7556}") = "13-CommunicatingBetweenControls", "CommunicatingBetweenControls\13-CommunicatingBetweenControls.csproj", "{73EFFCFE-4A36-4EA8-83E5-5421B17CF76E}"
EndProject
Project("{FAE04EC0-301F-11D3-BF4B-00C04F79EFBC}") = "14-TheadsAndDelegates", "AsyncDelegatesAndThreading\AsyncDelegatesAndThreading\14-TheadsAndDelegates.csproj", "{0D0E29E4-AE37-4058-8159-E7D67C8DDB9C}"
EndProject
Global
	GlobalSection(SolutionConfigurationPlatforms) = preSolution
		Debug|Any CPU = Debug|Any CPU
		Release|Any CPU = Release|Any CPU
	EndGlobalSection
	GlobalSection(ProjectConfigurationPlatforms) = postSolution
		{186680ED-4296-40A7-8A32-B738D462E83B}.Debug|Any CPU.ActiveCfg = Debug|Any CPU
		{186680ED-4296-40A7-8A32-B738D462E83B}.Debug|Any CPU.Build.0 = Debug|Any CPU
		{186680ED-4296-40A7-8A32-B738D462E83B}.Release|Any CPU.ActiveCfg = Release|Any CPU
		{186680ED-4296-40A7-8A32-B738D462E83B}.Release|Any CPU.Build.0 = Release|Any CPU
		{FD2BD8C7-EB1A-4E15-8C42-99AF8C27C269}.Debug|Any CPU.ActiveCfg = Debug|Any CPU
		{FD2BD8C7-EB1A-4E15-8C42-99AF8C27C269}.Debug|Any CPU.Build.0 = Debug|Any CPU
		{FD2BD8C7-EB1A-4E15-8C42-99AF8C27C269}.Release|Any CPU.ActiveCfg = Release|Any CPU
		{FD2BD8C7-EB1A-4E15-8C42-99AF8C27C269}.Release|Any CPU.Build.0 = Release|Any CPU
		{05975FAA-3355-4514-89B3-4CD64A10CA11}.Debug|Any CPU.ActiveCfg = Debug|Any CPU
		{05975FAA-3355-4514-89B3-4CD64A10CA11}.Debug|Any CPU.Build.0 = Debug|Any CPU
		{05975FAA-3355-4514-89B3-4CD64A10CA11}.Release|Any CPU.ActiveCfg = Release|Any CPU
		{05975FAA-3355-4514-89B3-4CD64A10CA11}.Release|Any CPU.Build.0 = Release|Any CPU
		{6462D32C-CA23-412A-9149-3E4A57A6D406}.Debug|Any CPU.ActiveCfg = Debug|Any CPU
		{6462D32C-CA23-412A-9149-3E4A57A6D406}.Debug|Any CPU.Build.0 = Debug|Any CPU
		{6462D32C-CA23-412A-9149-3E4A57A6D406}.Release|Any CPU.ActiveCfg = Release|Any CPU
		{6462D32C-CA23-412A-9149-3E4A57A6D406}.Release|Any CPU.Build.0 = Release|Any CPU
		{96E3CB42-F048-4E18-9F02-8ED76D59214E}.Debug|Any CPU.ActiveCfg = Debug|Any CPU
		{96E3CB42-F048-4E18-9F02-8ED76D59214E}.Debug|Any CPU.Build.0 = Debug|Any CPU
		{96E3CB42-F048-4E18-9F02-8ED76D59214E}.Release|Any CPU.ActiveCfg = Release|Any CPU
		{96E3CB42-F048-4E18-9F02-8ED76D59214E}.Release|Any CPU.Build.0 = Release|Any CPU
		{DD67C952-4AD4-446F-825B-A5D2BC7B7D6A}.Debug|Any CPU.ActiveCfg = Debug|Any CPU
		{DD67C952-4AD4-446F-825B-A5D2BC7B7D6A}.Debug|Any CPU.Build.0 = Debug|Any CPU
		{DD67C952-4AD4-446F-825B-A5D2BC7B7D6A}.Release|Any CPU.ActiveCfg = Release|Any CPU
		{DD67C952-4AD4-446F-825B-A5D2BC7B7D6A}.Release|Any CPU.Build.0 = Release|Any CPU
		{6C08304F-67F6-438F-97C4-8F1E6080F2EE}.Debug|Any CPU.ActiveCfg = Debug|Any CPU
		{6C08304F-67F6-438F-97C4-8F1E6080F2EE}.Debug|Any CPU.Build.0 = Debug|Any CPU
		{6C08304F-67F6-438F-97C4-8F1E6080F2EE}.Release|Any CPU.ActiveCfg = Release|Any CPU
		{6C08304F-67F6-438F-97C4-8F1E6080F2EE}.Release|Any CPU.Build.0 = Release|Any CPU
		{63E680AF-18E2-4871-96D9-1C0156D6B088}.Debug|Any CPU.ActiveCfg = Debug|Any CPU
		{63E680AF-18E2-4871-96D9-1C0156D6B088}.Debug|Any CPU.Build.0 = Debug|Any CPU
		{63E680AF-18E2-4871-96D9-1C0156D6B088}.Release|Any CPU.ActiveCfg = Release|Any CPU
		{63E680AF-18E2-4871-96D9-1C0156D6B088}.Release|Any CPU.Build.0 = Release|Any CPU
		{79315CCE-AAB2-443D-A6E4-764B81A6B961}.Debug|Any CPU.ActiveCfg = Debug|Any CPU
		{79315CCE-AAB2-443D-A6E4-764B81A6B961}.Debug|Any CPU.Build.0 = Debug|Any CPU
		{79315CCE-AAB2-443D-A6E4-764B81A6B961}.Release|Any CPU.ActiveCfg = Release|Any CPU
		{79315CCE-AAB2-443D-A6E4-764B81A6B961}.Release|Any CPU.Build.0 = Release|Any CPU
		{710FEC08-3D85-4B8C-8B5D-47888F11E577}.Debug|Any CPU.ActiveCfg = Debug|Any CPU
		{710FEC08-3D85-4B8C-8B5D-47888F11E577}.Debug|Any CPU.Build.0 = Debug|Any CPU
		{710FEC08-3D85-4B8C-8B5D-47888F11E577}.Release|Any CPU.ActiveCfg = Release|Any CPU
		{710FEC08-3D85-4B8C-8B5D-47888F11E577}.Release|Any CPU.Build.0 = Release|Any CPU
		{C057049F-0827-42EF-92FB-A5FA8C0EFB21}.Debug|Any CPU.ActiveCfg = Debug|Any CPU
		{C057049F-0827-42EF-92FB-A5FA8C0EFB21}.Debug|Any CPU.Build.0 = Debug|Any CPU
		{C057049F-0827-42EF-92FB-A5FA8C0EFB21}.Release|Any CPU.ActiveCfg = Release|Any CPU
		{C057049F-0827-42EF-92FB-A5FA8C0EFB21}.Release|Any CPU.Build.0 = Release|Any CPU
		{5A28041E-901A-4FB9-A3A2-228E9B790E63}.Debug|Any CPU.ActiveCfg = Debug|Any CPU
		{5A28041E-901A-4FB9-A3A2-228E9B790E63}.Debug|Any CPU.Build.0 = Debug|Any CPU
		{5A28041E-901A-4FB9-A3A2-228E9B790E63}.Release|Any CPU.ActiveCfg = Release|Any CPU
		{5A28041E-901A-4FB9-A3A2-228E9B790E63}.Release|Any CPU.Build.0 = Release|Any CPU
		{73EFFCFE-4A36-4EA8-83E5-5421B17CF76E}.Debug|Any CPU.ActiveCfg = Debug|Any CPU
		{73EFFCFE-4A36-4EA8-83E5-5421B17CF76E}.Debug|Any CPU.Build.0 = Debug|Any CPU
		{73EFFCFE-4A36-4EA8-83E5-5421B17CF76E}.Release|Any CPU.ActiveCfg = Release|Any CPU
		{73EFFCFE-4A36-4EA8-83E5-5421B17CF76E}.Release|Any CPU.Build.0 = Release|Any CPU
		{0D0E29E4-AE37-4058-8159-E7D67C8DDB9C}.Debug|Any CPU.ActiveCfg = Debug|Any CPU
		{0D0E29E4-AE37-4058-8159-E7D67C8DDB9C}.Debug|Any CPU.Build.0 = Debug|Any CPU
		{0D0E29E4-AE37-4058-8159-E7D67C8DDB9C}.Release|Any CPU.ActiveCfg = Release|Any CPU
		{0D0E29E4-AE37-4058-8159-E7D67C8DDB9C}.Release|Any CPU.Build.0 = Release|Any CPU
	EndGlobalSection
	GlobalSection(SolutionProperties) = preSolution
		HideSolutionNode = FALSE
	EndGlobalSection
	GlobalSection(ExtensibilityGlobals) = postSolution
		SolutionGuid = {937C0537-6D6B-459A-AE9C-99877A4B6F06}
	EndGlobalSection
EndGlobal
