
Microsoft Visual Studio Solution File, Format Version 12.00
# Visual Studio Version 17
VisualStudioVersion = 17.5.33516.290
MinimumVisualStudioVersion = 10.0.40219.1
Project("{FAE04EC0-301F-11D3-BF4B-00C04F79EFBC}") = "CommonTest", "CommonTest\CommonTest.csproj", "{3EDB4CAB-FC9C-4F7D-A7C2-C7BFA08EBA2A}"
EndProject
Global
	GlobalSection(SolutionConfigurationPlatforms) = preSolution
		Debug|Any CPU = Debug|Any CPU
		Release|Any CPU = Release|Any CPU
	EndGlobalSection
	GlobalSection(ProjectConfigurationPlatforms) = postSolution
		{3EDB4CAB-FC9C-4F7D-A7C2-C7BFA08EBA2A}.Debug|Any CPU.ActiveCfg = Debug|Any CPU
		{3EDB4CAB-FC9C-4F7D-A7C2-C7BFA08EBA2A}.Debug|Any CPU.Build.0 = Debug|Any CPU
		{3EDB4CAB-FC9C-4F7D-A7C2-C7BFA08EBA2A}.Release|Any CPU.ActiveCfg = Release|Any CPU
		{3EDB4CAB-FC9C-4F7D-A7C2-C7BFA08EBA2A}.Release|Any CPU.Build.0 = Release|Any CPU
	EndGlobalSection
	GlobalSection(SolutionProperties) = preSolution
		HideSolutionNode = FALSE
	EndGlobalSection
	GlobalSection(ExtensibilityGlobals) = postSolution
		SolutionGuid = {FE0ACB2D-DFE4-4741-B41D-E6FEBCD0EF6C}
	EndGlobalSection
EndGlobal
