
Microsoft Visual Studio Solution File, Format Version 12.00
# Visual Studio Version 17
VisualStudioVersion = 17.5.33516.290
MinimumVisualStudioVersion = 10.0.40219.1
Project("{FAE04EC0-301F-11D3-BF4B-00C04F79EFBC}") = "JsonConverterDotNet", "JsonConverterDotNet\JsonConverterDotNet.csproj", "{C86EDABB-F198-4E69-8C63-617E150C7376}"
EndProject
Global
	GlobalSection(SolutionConfigurationPlatforms) = preSolution
		Debug|Any CPU = Debug|Any CPU
		Release|Any CPU = Release|Any CPU
	EndGlobalSection
	GlobalSection(ProjectConfigurationPlatforms) = postSolution
		{C86EDABB-F198-4E69-8C63-617E150C7376}.Debug|Any CPU.ActiveCfg = Debug|Any CPU
		{C86EDABB-F198-4E69-8C63-617E150C7376}.Debug|Any CPU.Build.0 = Debug|Any CPU
		{C86EDABB-F198-4E69-8C63-617E150C7376}.Release|Any CPU.ActiveCfg = Release|Any CPU
		{C86EDABB-F198-4E69-8C63-617E150C7376}.Release|Any CPU.Build.0 = Release|Any CPU
	EndGlobalSection
	GlobalSection(SolutionProperties) = preSolution
		HideSolutionNode = FALSE
	EndGlobalSection
	GlobalSection(ExtensibilityGlobals) = postSolution
		SolutionGuid = {A3E06359-DF80-4407-81C0-851875795490}
	EndGlobalSection
EndGlobal
