
Microsoft Visual Studio Solution File, Format Version 12.00
# Visual Studio Version 17
VisualStudioVersion = 17.5.33516.290
MinimumVisualStudioVersion = 10.0.40219.1
Project("{FAE04EC0-301F-11D3-BF4B-00C04F79EFBC}") = "NullChecker", "NullChecker\NullChecker.csproj", "{F8BDDD44-27D0-464F-B996-6C1C4F32F570}"
EndProject
Global
	GlobalSection(SolutionConfigurationPlatforms) = preSolution
		Debug|Any CPU = Debug|Any CPU
		Release|Any CPU = Release|Any CPU
	EndGlobalSection
	GlobalSection(ProjectConfigurationPlatforms) = postSolution
		{F8BDDD44-27D0-464F-B996-6C1C4F32F570}.Debug|Any CPU.ActiveCfg = Debug|Any CPU
		{F8BDDD44-27D0-464F-B996-6C1C4F32F570}.Debug|Any CPU.Build.0 = Debug|Any CPU
		{F8BDDD44-27D0-464F-B996-6C1C4F32F570}.Release|Any CPU.ActiveCfg = Release|Any CPU
		{F8BDDD44-27D0-464F-B996-6C1C4F32F570}.Release|Any CPU.Build.0 = Release|Any CPU
	EndGlobalSection
	GlobalSection(SolutionProperties) = preSolution
		HideSolutionNode = FALSE
	EndGlobalSection
	GlobalSection(ExtensibilityGlobals) = postSolution
		SolutionGuid = {A1F39AD6-4042-46E3-B2AB-89DC858639B8}
	EndGlobalSection
EndGlobal
