
Microsoft Visual Studio Solution File, Format Version 12.00
# Visual Studio Version 17
VisualStudioVersion = 17.5.33516.290
MinimumVisualStudioVersion = 10.0.40219.1
Project("{FAE04EC0-301F-11D3-BF4B-00C04F79EFBC}") = "ExtensionMethodDemo", "ExtensionMethodDemo\ExtensionMethodDemo.csproj", "{19C99BA5-CA36-454D-BE15-6AD6E4F5B782}"
EndProject
Global
	GlobalSection(SolutionConfigurationPlatforms) = preSolution
		Debug|Any CPU = Debug|Any CPU
		Release|Any CPU = Release|Any CPU
	EndGlobalSection
	GlobalSection(ProjectConfigurationPlatforms) = postSolution
		{19C99BA5-CA36-454D-BE15-6AD6E4F5B782}.Debug|Any CPU.ActiveCfg = Debug|Any CPU
		{19C99BA5-CA36-454D-BE15-6AD6E4F5B782}.Debug|Any CPU.Build.0 = Debug|Any CPU
		{19C99BA5-CA36-454D-BE15-6AD6E4F5B782}.Release|Any CPU.ActiveCfg = Release|Any CPU
		{19C99BA5-CA36-454D-BE15-6AD6E4F5B782}.Release|Any CPU.Build.0 = Release|Any CPU
	EndGlobalSection
	GlobalSection(SolutionProperties) = preSolution
		HideSolutionNode = FALSE
	EndGlobalSection
	GlobalSection(ExtensibilityGlobals) = postSolution
		SolutionGuid = {B2D03FDA-13DC-427A-9460-FDC6432E917F}
	EndGlobalSection
EndGlobal
